
Microsoft Visual Studio Solution File, Format Version 12.00
# Visual Studio Version 17
VisualStudioVersion = 17.0.31903.59
MinimumVisualStudioVersion = 10.0.40219.1
Project("{FAE04EC0-301F-11D3-BF4B-00C04F79EFBC}") = "Backend.API", "Backend.API\Backend.API.csproj", "{E9DA5313-EA6C-4842-ACC5-95A2F721C77D}"
EndProject
Project("{FAE04EC0-301F-11D3-BF4B-00C04F79EFBC}") = "Backend.API.Models", "Backend.API.Models\Backend.API.Models.csproj", "{080D2C36-B69D-42B0-9CD1-78E8DD15204F}"
EndProject
Global
	GlobalSection(SolutionConfigurationPlatforms) = preSolution
		Debug|Any CPU = Debug|Any CPU
		Release|Any CPU = Release|Any CPU
	EndGlobalSection
	GlobalSection(SolutionProperties) = preSolution
		HideSolutionNode = FALSE
	EndGlobalSection
	GlobalSection(ProjectConfigurationPlatforms) = postSolution
		{E9DA5313-EA6C-4842-ACC5-95A2F721C77D}.Debug|Any CPU.ActiveCfg = Debug|Any CPU
		{E9DA5313-EA6C-4842-ACC5-95A2F721C77D}.Debug|Any CPU.Build.0 = Debug|Any CPU
		{E9DA5313-EA6C-4842-ACC5-95A2F721C77D}.Release|Any CPU.ActiveCfg = Release|Any CPU
		{E9DA5313-EA6C-4842-ACC5-95A2F721C77D}.Release|Any CPU.Build.0 = Release|Any CPU
		{080D2C36-B69D-42B0-9CD1-78E8DD15204F}.Debug|Any CPU.ActiveCfg = Debug|Any CPU
		{080D2C36-B69D-42B0-9CD1-78E8DD15204F}.Debug|Any CPU.Build.0 = Debug|Any CPU
		{080D2C36-B69D-42B0-9CD1-78E8DD15204F}.Release|Any CPU.ActiveCfg = Release|Any CPU
		{080D2C36-B69D-42B0-9CD1-78E8DD15204F}.Release|Any CPU.Build.0 = Release|Any CPU
	EndGlobalSection
EndGlobal
